// !$*UTF8*$!
{
	archiveVersion = 1;
	classes = {
	};
	objectVersion = 46;
	objects = {

/* Begin PBXBuildFile section */
		24D2A4F613D3B9F60017D0D8 /* UIKit.framework in Frameworks */ = {isa = PBXBuildFile; fileRef = 24D2A4F513D3B9F60017D0D8 /* UIKit.framework */; };
		24D2A4F813D3B9F60017D0D8 /* Foundation.framework in Frameworks */ = {isa = PBXBuildFile; fileRef = 24D2A4F713D3B9F60017D0D8 /* Foundation.framework */; };
		24D2A4FA13D3B9F60017D0D8 /* CoreGraphics.framework in Frameworks */ = {isa = PBXBuildFile; fileRef = 24D2A4F913D3B9F60017D0D8 /* CoreGraphics.framework */; };
		24D2A50013D3B9F60017D0D8 /* InfoPlist.strings in Resources */ = {isa = PBXBuildFile; fileRef = 24D2A4FE13D3B9F60017D0D8 /* InfoPlist.strings */; };
		24D2A50313D3B9F60017D0D8 /* main.m in Sources */ = {isa = PBXBuildFile; fileRef = 24D2A50213D3B9F60017D0D8 /* main.m */; };
		24D2A50613D3B9F60017D0D8 /* arbitrappAppDelegate.m in Sources */ = {isa = PBXBuildFile; fileRef = 24D2A50513D3B9F60017D0D8 /* arbitrappAppDelegate.m */; };
		24D2A50913D3B9F60017D0D8 /* MainWindow.xib in Resources */ = {isa = PBXBuildFile; fileRef = 24D2A50713D3B9F60017D0D8 /* MainWindow.xib */; };
		24D2A50C13D3B9F60017D0D8 /* arbitrappViewController.m in Sources */ = {isa = PBXBuildFile; fileRef = 24D2A50B13D3B9F60017D0D8 /* arbitrappViewController.m */; };
		24D2A50F13D3B9F60017D0D8 /* arbitrappViewController.xib in Resources */ = {isa = PBXBuildFile; fileRef = 24D2A50D13D3B9F60017D0D8 /* arbitrappViewController.xib */; };
		24D2A51713D3BA320017D0D8 /* arbitrappIcon_57x57-72.png in Resources */ = {isa = PBXBuildFile; fileRef = 24D2A51513D3BA320017D0D8 /* arbitrappIcon_57x57-72.png */; };
		24D2A51813D3BA320017D0D8 /* Default.png in Resources */ = {isa = PBXBuildFile; fileRef = 24D2A51613D3BA320017D0D8 /* Default.png */; };
		24D2A52113D3BB0D0017D0D8 /* YellowCardViewController.m in Sources */ = {isa = PBXBuildFile; fileRef = 24D2A51F13D3BB0C0017D0D8 /* YellowCardViewController.m */; };
		24D2A52213D3BB0D0017D0D8 /* YellowCardViewController.xib in Resources */ = {isa = PBXBuildFile; fileRef = 24D2A52013D3BB0C0017D0D8 /* YellowCardViewController.xib */; };
/* End PBXBuildFile section */

/* Begin PBXFileReference section */
		24D2A4F113D3B9F60017D0D8 /* arbitrapp.app */ = {isa = PBXFileReference; explicitFileType = wrapper.application; includeInIndex = 0; path = arbitrapp.app; sourceTree = BUILT_PRODUCTS_DIR; };
		24D2A4F513D3B9F60017D0D8 /* UIKit.framework */ = {isa = PBXFileReference; lastKnownFileType = wrapper.framework; name = UIKit.framework; path = System/Library/Frameworks/UIKit.framework; sourceTree = SDKROOT; };
		24D2A4F713D3B9F60017D0D8 /* Foundation.framework */ = {isa = PBXFileReference; lastKnownFileType = wrapper.framework; name = Foundation.framework; path = System/Library/Frameworks/Foundation.framework; sourceTree = SDKROOT; };
		24D2A4F913D3B9F60017D0D8 /* CoreGraphics.framework */ = {isa = PBXFileReference; lastKnownFileType = wrapper.framework; name = CoreGraphics.framework; path = System/Library/Frameworks/CoreGraphics.framework; sourceTree = SDKROOT; };
		24D2A4FD13D3B9F60017D0D8 /* arbitrapp-Info.plist */ = {isa = PBXFileReference; lastKnownFileType = text.plist.xml; path = "arbitrapp-Info.plist"; sourceTree = "<group>"; };
		24D2A4FF13D3B9F60017D0D8 /* en */ = {isa = PBXFileReference; lastKnownFileType = text.plist.strings; name = en; path = en.lproj/InfoPlist.strings; sourceTree = "<group>"; };
		24D2A50113D3B9F60017D0D8 /* arbitrapp-Prefix.pch */ = {isa = PBXFileReference; lastKnownFileType = sourcecode.c.h; path = "arbitrapp-Prefix.pch"; sourceTree = "<group>"; };
		24D2A50213D3B9F60017D0D8 /* main.m */ = {isa = PBXFileReference; lastKnownFileType = sourcecode.c.objc; path = main.m; sourceTree = "<group>"; };
		24D2A50413D3B9F60017D0D8 /* arbitrappAppDelegate.h */ = {isa = PBXFileReference; lastKnownFileType = sourcecode.c.h; path = arbitrappAppDelegate.h; sourceTree = "<group>"; };
		24D2A50513D3B9F60017D0D8 /* arbitrappAppDelegate.m */ = {isa = PBXFileReference; lastKnownFileType = sourcecode.c.objc; path = arbitrappAppDelegate.m; sourceTree = "<group>"; };
		24D2A50813D3B9F60017D0D8 /* en */ = {isa = PBXFileReference; lastKnownFileType = file.xib; name = en; path = en.lproj/MainWindow.xib; sourceTree = "<group>"; };
		24D2A50A13D3B9F60017D0D8 /* arbitrappViewController.h */ = {isa = PBXFileReference; lastKnownFileType = sourcecode.c.h; path = arbitrappViewController.h; sourceTree = "<group>"; };
		24D2A50B13D3B9F60017D0D8 /* arbitrappViewController.m */ = {isa = PBXFileReference; lastKnownFileType = sourcecode.c.objc; path = arbitrappViewController.m; sourceTree = "<group>"; };
		24D2A50E13D3B9F60017D0D8 /* en */ = {isa = PBXFileReference; lastKnownFileType = file.xib; name = en; path = en.lproj/arbitrappViewController.xib; sourceTree = "<group>"; };
		24D2A51513D3BA320017D0D8 /* arbitrappIcon_57x57-72.png */ = {isa = PBXFileReference; lastKnownFileType = image.png; path = "arbitrappIcon_57x57-72.png"; sourceTree = "<group>"; };
		24D2A51613D3BA320017D0D8 /* Default.png */ = {isa = PBXFileReference; lastKnownFileType = image.png; path = Default.png; sourceTree = "<group>"; };
		24D2A51E13D3BB0C0017D0D8 /* YellowCardViewController.h */ = {isa = PBXFileReference; fileEncoding = 4; lastKnownFileType = sourcecode.c.h; path = YellowCardViewController.h; sourceTree = "<group>"; };
		24D2A51F13D3BB0C0017D0D8 /* YellowCardViewController.m */ = {isa = PBXFileReference; fileEncoding = 4; lastKnownFileType = sourcecode.c.objc; path = YellowCardViewController.m; sourceTree = "<group>"; };
		24D2A52013D3BB0C0017D0D8 /* YellowCardViewController.xib */ = {isa = PBXFileReference; fileEncoding = 4; lastKnownFileType = file.xib; path = YellowCardViewController.xib; sourceTree = "<group>"; };
/* End PBXFileReference section */

/* Begin PBXFrameworksBuildPhase section */
		24D2A4EE13D3B9F60017D0D8 /* Frameworks */ = {
			isa = PBXFrameworksBuildPhase;
			buildActionMask = 2147483647;
			files = (
				24D2A4F613D3B9F60017D0D8 /* UIKit.framework in Frameworks */,
				24D2A4F813D3B9F60017D0D8 /* Foundation.framework in Frameworks */,
				24D2A4FA13D3B9F60017D0D8 /* CoreGraphics.framework in Frameworks */,
			);
			runOnlyForDeploymentPostprocessing = 0;
		};
/* End PBXFrameworksBuildPhase section */

/* Begin PBXGroup section */
		24D2A4E613D3B9F60017D0D8 = {
			isa = PBXGroup;
			children = (
				24D2A51513D3BA320017D0D8 /* arbitrappIcon_57x57-72.png */,
				24D2A51613D3BA320017D0D8 /* Default.png */,
				24D2A4FB13D3B9F60017D0D8 /* arbitrapp */,
				24D2A4F413D3B9F60017D0D8 /* Frameworks */,
				24D2A4F213D3B9F60017D0D8 /* Products */,
			);
			sourceTree = "<group>";
		};
		24D2A4F213D3B9F60017D0D8 /* Products */ = {
			isa = PBXGroup;
			children = (
				24D2A4F113D3B9F60017D0D8 /* arbitrapp.app */,
			);
			name = Products;
			sourceTree = "<group>";
		};
		24D2A4F413D3B9F60017D0D8 /* Frameworks */ = {
			isa = PBXGroup;
			children = (
				24D2A4F513D3B9F60017D0D8 /* UIKit.framework */,
				24D2A4F713D3B9F60017D0D8 /* Foundation.framework */,
				24D2A4F913D3B9F60017D0D8 /* CoreGraphics.framework */,
			);
			name = Frameworks;
			sourceTree = "<group>";
		};
		24D2A4FB13D3B9F60017D0D8 /* arbitrapp */ = {
			isa = PBXGroup;
			children = (
				24D2A50413D3B9F60017D0D8 /* arbitrappAppDelegate.h */,
				24D2A50513D3B9F60017D0D8 /* arbitrappAppDelegate.m */,
				24D2A50713D3B9F60017D0D8 /* MainWindow.xib */,
				24D2A50A13D3B9F60017D0D8 /* arbitrappViewController.h */,
				24D2A50B13D3B9F60017D0D8 /* arbitrappViewController.m */,
				24D2A50D13D3B9F60017D0D8 /* arbitrappViewController.xib */,
				24D2A4FC13D3B9F60017D0D8 /* Supporting Files */,
				24D2A51E13D3BB0C0017D0D8 /* YellowCardViewController.h */,
				24D2A51F13D3BB0C0017D0D8 /* YellowCardViewController.m */,
				24D2A52013D3BB0C0017D0D8 /* YellowCardViewController.xib */,
			);
			path = arbitrapp;
			sourceTree = "<group>";
		};
		24D2A4FC13D3B9F60017D0D8 /* Supporting Files */ = {
			isa = PBXGroup;
			children = (
				24D2A4FD13D3B9F60017D0D8 /* arbitrapp-Info.plist */,
				24D2A4FE13D3B9F60017D0D8 /* InfoPlist.strings */,
				24D2A50113D3B9F60017D0D8 /* arbitrapp-Prefix.pch */,
				24D2A50213D3B9F60017D0D8 /* main.m */,
			);
			name = "Supporting Files";
			sourceTree = "<group>";
		};
/* End PBXGroup section */

/* Begin PBXNativeTarget section */
		24D2A4F013D3B9F60017D0D8 /* arbitrapp */ = {
			isa = PBXNativeTarget;
			buildConfigurationList = 24D2A51213D3B9F60017D0D8 /* Build configuration list for PBXNativeTarget "arbitrapp" */;
			buildPhases = (
				24D2A4ED13D3B9F60017D0D8 /* Sources */,
				24D2A4EE13D3B9F60017D0D8 /* Frameworks */,
				24D2A4EF13D3B9F60017D0D8 /* Resources */,
			);
			buildRules = (
			);
			dependencies = (
			);
			name = arbitrapp;
			productName = arbitrapp;
			productReference = 24D2A4F113D3B9F60017D0D8 /* arbitrapp.app */;
			productType = "com.apple.product-type.application";
		};
/* End PBXNativeTarget section */

/* Begin PBXProject section */
		24D2A4E813D3B9F60017D0D8 /* Project object */ = {
			isa = PBXProject;
			buildConfigurationList = 24D2A4EB13D3B9F60017D0D8 /* Build configuration list for PBXProject "arbitrapp" */;
			compatibilityVersion = "Xcode 3.2";
			developmentRegion = English;
			hasScannedForEncodings = 0;
			knownRegions = (
				en,
			);
			mainGroup = 24D2A4E613D3B9F60017D0D8;
			productRefGroup = 24D2A4F213D3B9F60017D0D8 /* Products */;
			projectDirPath = "";
			projectRoot = "";
			targets = (
				24D2A4F013D3B9F60017D0D8 /* arbitrapp */,
			);
		};
/* End PBXProject section */

/* Begin PBXResourcesBuildPhase section */
		24D2A4EF13D3B9F60017D0D8 /* Resources */ = {
			isa = PBXResourcesBuildPhase;
			buildActionMask = 2147483647;
			files = (
				24D2A50013D3B9F60017D0D8 /* InfoPlist.strings in Resources */,
				24D2A50913D3B9F60017D0D8 /* MainWindow.xib in Resources */,
				24D2A50F13D3B9F60017D0D8 /* arbitrappViewController.xib in Resources */,
				24D2A51713D3BA320017D0D8 /* arbitrappIcon_57x57-72.png in Resources */,
				24D2A51813D3BA320017D0D8 /* Default.png in Resources */,
				24D2A52213D3BB0D0017D0D8 /* YellowCardViewController.xib in Resources */,
			);
			runOnlyForDeploymentPostprocessing = 0;
		};
/* End PBXResourcesBuildPhase section */

/* Begin PBXSourcesBuildPhase section */
		24D2A4ED13D3B9F60017D0D8 /* Sources */ = {
			isa = PBXSourcesBuildPhase;
			buildActionMask = 2147483647;
			files = (
				24D2A50313D3B9F60017D0D8 /* main.m in Sources */,
				24D2A50613D3B9F60017D0D8 /* arbitrappAppDelegate.m in Sources */,
				24D2A50C13D3B9F60017D0D8 /* arbitrappViewController.m in Sources */,
				24D2A52113D3BB0D0017D0D8 /* YellowCardViewController.m in Sources */,
			);
			runOnlyForDeploymentPostprocessing = 0;
		};
/* End PBXSourcesBuildPhase section */

/* Begin PBXVariantGroup section */
		24D2A4FE13D3B9F60017D0D8 /* InfoPlist.strings */ = {
			isa = PBXVariantGroup;
			children = (
				24D2A4FF13D3B9F60017D0D8 /* en */,
			);
			name = InfoPlist.strings;
			sourceTree = "<group>";
		};
		24D2A50713D3B9F60017D0D8 /* MainWindow.xib */ = {
			isa = PBXVariantGroup;
			children = (
				24D2A50813D3B9F60017D0D8 /* en */,
			);
			name = MainWindow.xib;
			sourceTree = "<group>";
		};
		24D2A50D13D3B9F60017D0D8 /* arbitrappViewController.xib */ = {
			isa = PBXVariantGroup;
			children = (
				24D2A50E13D3B9F60017D0D8 /* en */,
			);
			name = arbitrappViewController.xib;
			sourceTree = "<group>";
		};
/* End PBXVariantGroup section */

/* Begin XCBuildConfiguration section */
		24D2A51013D3B9F60017D0D8 /* Debug */ = {
			isa = XCBuildConfiguration;
			buildSettings = {
				ARCHS = "$(ARCHS_STANDARD_32_BIT)";
				"CODE_SIGN_IDENTITY[sdk=iphoneos*]" = "iPhone Developer";
				GCC_C_LANGUAGE_STANDARD = gnu99;
				GCC_OPTIMIZATION_LEVEL = 0;
				GCC_PREPROCESSOR_DEFINITIONS = DEBUG;
				GCC_SYMBOLS_PRIVATE_EXTERN = NO;
				GCC_VERSION = com.apple.compilers.llvmgcc42;
				GCC_WARN_ABOUT_RETURN_TYPE = YES;
				GCC_WARN_UNUSED_VARIABLE = YES;
				IPHONEOS_DEPLOYMENT_TARGET = 4.3;
				SDKROOT = iphoneos;
			};
			name = Debug;
		};
		24D2A51113D3B9F60017D0D8 /* Release */ = {
			isa = XCBuildConfiguration;
			buildSettings = {
				ARCHS = "$(ARCHS_STANDARD_32_BIT)";
				"CODE_SIGN_IDENTITY[sdk=iphoneos*]" = "iPhone Developer";
				GCC_C_LANGUAGE_STANDARD = gnu99;
				GCC_VERSION = com.apple.compilers.llvmgcc42;
				GCC_WARN_ABOUT_RETURN_TYPE = YES;
				GCC_WARN_UNUSED_VARIABLE = YES;
				IPHONEOS_DEPLOYMENT_TARGET = 4.3;
				OTHER_CFLAGS = "-DNS_BLOCK_ASSERTIONS=1";
				SDKROOT = iphoneos;
			};
			name = Release;
		};
		24D2A51313D3B9F60017D0D8 /* Debug */ = {
			isa = XCBuildConfiguration;
			buildSettings = {
				ALWAYS_SEARCH_USER_PATHS = NO;
				COPY_PHASE_STRIP = NO;
				GCC_DYNAMIC_NO_PIC = NO;
				GCC_PRECOMPILE_PREFIX_HEADER = YES;
				GCC_PREFIX_HEADER = "arbitrapp/arbitrapp-Prefix.pch";
				INFOPLIST_FILE = "arbitrapp/arbitrapp-Info.plist";
				IPHONEOS_DEPLOYMENT_TARGET = 4.3;
				PRODUCT_NAME = "$(TARGET_NAME)";
				WRAPPER_EXTENSION = app;
			};
			name = Debug;
		};
		24D2A51413D3B9F60017D0D8 /* Release */ = {
			isa = XCBuildConfiguration;
			buildSettings = {
				ALWAYS_SEARCH_USER_PATHS = NO;
				COPY_PHASE_STRIP = YES;
				GCC_PRECOMPILE_PREFIX_HEADER = YES;
				GCC_PREFIX_HEADER = "arbitrapp/arbitrapp-Prefix.pch";
				INFOPLIST_FILE = "arbitrapp/arbitrapp-Info.plist";
				IPHONEOS_DEPLOYMENT_TARGET = 4.3;
				PRODUCT_NAME = "$(TARGET_NAME)";
				VALIDATE_PRODUCT = YES;
				WRAPPER_EXTENSION = app;
			};
			name = Release;
		};
/* End XCBuildConfiguration section */

/* Begin XCConfigurationList section */
		24D2A4EB13D3B9F60017D0D8 /* Build configuration list for PBXProject "arbitrapp" */ = {
			isa = XCConfigurationList;
			buildConfigurations = (
				24D2A51013D3B9F60017D0D8 /* Debug */,
				24D2A51113D3B9F60017D0D8 /* Release */,
			);
			defaultConfigurationIsVisible = 0;
			defaultConfigurationName = Release;
		};
		24D2A51213D3B9F60017D0D8 /* Build configuration list for PBXNativeTarget "arbitrapp" */ = {
			isa = XCConfigurationList;
			buildConfigurations = (
				24D2A51313D3B9F60017D0D8 /* Debug */,
				24D2A51413D3B9F60017D0D8 /* Release */,
			);
			defaultConfigurationIsVisible = 0;
		};
/* End XCConfigurationList section */
	};
	rootObject = 24D2A4E813D3B9F60017D0D8 /* Project object */;
}
